
Microsoft Visual Studio Solution File, Format Version 11.00
# Visual Studio 2010
Project("{2150E333-8FDC-42A3-9474-1A3956D46DE8}") = "Solution Items", "Solution Items", "{F61EC6BF-5FB5-45A7-B7FE-678B9D25938F}"
	ProjectSection(SolutionItems) = preProject
		bosh-dotnet.vsmdi = bosh-dotnet.vsmdi
		Local.testsettings = Local.testsettings
	EndProjectSection
EndProject
Project("{FAE04EC0-301F-11D3-BF4B-00C04F79EFBC}") = "Uhuru.BOSH.Agent", "Uhuru.BOSH.Agent\Uhuru.BOSH.Agent.csproj", "{25C9BC3C-1897-4B00-858A-3CE7E4CB06F1}"
EndProject
Project("{FAE04EC0-301F-11D3-BF4B-00C04F79EFBC}") = "Uhuru.BOSH.Agent.WindowsService", "Uhuru.BOSH.Agent.WindowsService\Uhuru.BOSH.Agent.WindowsService.csproj", "{A6512F25-2159-4812-89E7-838C375F983F}"
EndProject
Project("{FAE04EC0-301F-11D3-BF4B-00C04F79EFBC}") = "Uhuru.BOSH.Test", "Uhuru.BOSH.Test\Uhuru.BOSH.Test.csproj", "{1A84A85F-AB01-43A1-B5F1-78AAAC6AA57A}"
EndProject
Project("{FAE04EC0-301F-11D3-BF4B-00C04F79EFBC}") = "Uhuru.BOSH.Encryption", "Uhuru.BOSH.Encryption\Uhuru.BOSH.Encryption.csproj", "{8AB11883-2E6B-4059-81A2-6C22619E1F2C}"
EndProject
Project("{FAE04EC0-301F-11D3-BF4B-00C04F79EFBC}") = "Uhuru.BOSH.BlobstoreClient", "Uhuru.BOSH.BlobstoreClient\Uhuru.BOSH.BlobstoreClient.csproj", "{D90250E7-149D-422C-A116-B1D7AC75CEA3}"
EndProject
Project("{FAE04EC0-301F-11D3-BF4B-00C04F79EFBC}") = "YamlSerializer", "YamlSerializer\YamlSerializer.csproj", "{AD9F3A60-C492-4823-8F24-6F4854E7CBF5}"
EndProject
Project("{2150E333-8FDC-42A3-9474-1A3956D46DE8}") = "SSHServer", "SSHServer", "{6A80B200-1A1D-4C7C-BC87-AFF6CC6F8633}"
EndProject
Project("{8BC9CEB8-8B4A-11D0-8D11-00A0C91BC942}") = "daemon", "SSHServer\daemon.vcxproj", "{04EC38E5-E4C0-48A6-AF48-59D99CF099BF}"
EndProject
Project("{8BC9CEB8-8B4A-11D0-8D11-00A0C91BC942}") = "session", "SSHServer\session.vcxproj", "{8E7BC544-7B6F-4431-8575-014C912CFF61}"
EndProject
Project("{8BC9CEB8-8B4A-11D0-8D11-00A0C91BC942}") = "shlex", "SSHServer\shlex.vcxproj", "{69451C6E-93F8-4CCC-93E0-F550D799DFFD}"
EndProject
Global
	GlobalSection(TestCaseManagementSettings) = postSolution
		CategoryFile = bosh-dotnet.vsmdi
	EndGlobalSection
	GlobalSection(SolutionConfigurationPlatforms) = preSolution
		Debug|Any CPU = Debug|Any CPU
		Debug|Mixed Platforms = Debug|Mixed Platforms
		Debug|Win32 = Debug|Win32
		Debug|x86 = Debug|x86
		Release|Any CPU = Release|Any CPU
		Release|Mixed Platforms = Release|Mixed Platforms
		Release|Win32 = Release|Win32
		Release|x86 = Release|x86
	EndGlobalSection
	GlobalSection(ProjectConfigurationPlatforms) = postSolution
		{25C9BC3C-1897-4B00-858A-3CE7E4CB06F1}.Debug|Any CPU.ActiveCfg = Debug|Any CPU
		{25C9BC3C-1897-4B00-858A-3CE7E4CB06F1}.Debug|Any CPU.Build.0 = Debug|Any CPU
		{25C9BC3C-1897-4B00-858A-3CE7E4CB06F1}.Debug|Mixed Platforms.ActiveCfg = Debug|Any CPU
		{25C9BC3C-1897-4B00-858A-3CE7E4CB06F1}.Debug|Mixed Platforms.Build.0 = Debug|Any CPU
		{25C9BC3C-1897-4B00-858A-3CE7E4CB06F1}.Debug|Win32.ActiveCfg = Debug|Any CPU
		{25C9BC3C-1897-4B00-858A-3CE7E4CB06F1}.Debug|x86.ActiveCfg = Debug|Any CPU
		{25C9BC3C-1897-4B00-858A-3CE7E4CB06F1}.Release|Any CPU.ActiveCfg = Release|Any CPU
		{25C9BC3C-1897-4B00-858A-3CE7E4CB06F1}.Release|Any CPU.Build.0 = Release|Any CPU
		{25C9BC3C-1897-4B00-858A-3CE7E4CB06F1}.Release|Mixed Platforms.ActiveCfg = Release|Any CPU
		{25C9BC3C-1897-4B00-858A-3CE7E4CB06F1}.Release|Mixed Platforms.Build.0 = Release|Any CPU
		{25C9BC3C-1897-4B00-858A-3CE7E4CB06F1}.Release|Win32.ActiveCfg = Release|Any CPU
		{25C9BC3C-1897-4B00-858A-3CE7E4CB06F1}.Release|x86.ActiveCfg = Release|Any CPU
		{A6512F25-2159-4812-89E7-838C375F983F}.Debug|Any CPU.ActiveCfg = Debug|Any CPU
		{A6512F25-2159-4812-89E7-838C375F983F}.Debug|Any CPU.Build.0 = Debug|Any CPU
		{A6512F25-2159-4812-89E7-838C375F983F}.Debug|Mixed Platforms.ActiveCfg = Debug|Any CPU
		{A6512F25-2159-4812-89E7-838C375F983F}.Debug|Mixed Platforms.Build.0 = Debug|Any CPU
		{A6512F25-2159-4812-89E7-838C375F983F}.Debug|Win32.ActiveCfg = Debug|Any CPU
		{A6512F25-2159-4812-89E7-838C375F983F}.Debug|x86.ActiveCfg = Debug|Any CPU
		{A6512F25-2159-4812-89E7-838C375F983F}.Release|Any CPU.ActiveCfg = Release|Any CPU
		{A6512F25-2159-4812-89E7-838C375F983F}.Release|Any CPU.Build.0 = Release|Any CPU
		{A6512F25-2159-4812-89E7-838C375F983F}.Release|Mixed Platforms.ActiveCfg = Release|Any CPU
		{A6512F25-2159-4812-89E7-838C375F983F}.Release|Mixed Platforms.Build.0 = Release|Any CPU
		{A6512F25-2159-4812-89E7-838C375F983F}.Release|Win32.ActiveCfg = Release|Any CPU
		{A6512F25-2159-4812-89E7-838C375F983F}.Release|x86.ActiveCfg = Release|Any CPU
		{1A84A85F-AB01-43A1-B5F1-78AAAC6AA57A}.Debug|Any CPU.ActiveCfg = Debug|Any CPU
		{1A84A85F-AB01-43A1-B5F1-78AAAC6AA57A}.Debug|Any CPU.Build.0 = Debug|Any CPU
		{1A84A85F-AB01-43A1-B5F1-78AAAC6AA57A}.Debug|Mixed Platforms.ActiveCfg = Debug|Any CPU
		{1A84A85F-AB01-43A1-B5F1-78AAAC6AA57A}.Debug|Mixed Platforms.Build.0 = Debug|Any CPU
		{1A84A85F-AB01-43A1-B5F1-78AAAC6AA57A}.Debug|Win32.ActiveCfg = Debug|Any CPU
		{1A84A85F-AB01-43A1-B5F1-78AAAC6AA57A}.Debug|x86.ActiveCfg = Debug|Any CPU
		{1A84A85F-AB01-43A1-B5F1-78AAAC6AA57A}.Release|Any CPU.ActiveCfg = Release|Any CPU
		{1A84A85F-AB01-43A1-B5F1-78AAAC6AA57A}.Release|Any CPU.Build.0 = Release|Any CPU
		{1A84A85F-AB01-43A1-B5F1-78AAAC6AA57A}.Release|Mixed Platforms.ActiveCfg = Release|Any CPU
		{1A84A85F-AB01-43A1-B5F1-78AAAC6AA57A}.Release|Mixed Platforms.Build.0 = Release|Any CPU
		{1A84A85F-AB01-43A1-B5F1-78AAAC6AA57A}.Release|Win32.ActiveCfg = Release|Any CPU
		{1A84A85F-AB01-43A1-B5F1-78AAAC6AA57A}.Release|x86.ActiveCfg = Release|Any CPU
		{8AB11883-2E6B-4059-81A2-6C22619E1F2C}.Debug|Any CPU.ActiveCfg = Debug|Any CPU
		{8AB11883-2E6B-4059-81A2-6C22619E1F2C}.Debug|Any CPU.Build.0 = Debug|Any CPU
		{8AB11883-2E6B-4059-81A2-6C22619E1F2C}.Debug|Mixed Platforms.ActiveCfg = Debug|Any CPU
		{8AB11883-2E6B-4059-81A2-6C22619E1F2C}.Debug|Mixed Platforms.Build.0 = Debug|Any CPU
		{8AB11883-2E6B-4059-81A2-6C22619E1F2C}.Debug|Win32.ActiveCfg = Debug|Any CPU
		{8AB11883-2E6B-4059-81A2-6C22619E1F2C}.Debug|x86.ActiveCfg = Debug|Any CPU
		{8AB11883-2E6B-4059-81A2-6C22619E1F2C}.Release|Any CPU.ActiveCfg = Release|Any CPU
		{8AB11883-2E6B-4059-81A2-6C22619E1F2C}.Release|Any CPU.Build.0 = Release|Any CPU
		{8AB11883-2E6B-4059-81A2-6C22619E1F2C}.Release|Mixed Platforms.ActiveCfg = Release|Any CPU
		{8AB11883-2E6B-4059-81A2-6C22619E1F2C}.Release|Mixed Platforms.Build.0 = Release|Any CPU
		{8AB11883-2E6B-4059-81A2-6C22619E1F2C}.Release|Win32.ActiveCfg = Release|Any CPU
		{8AB11883-2E6B-4059-81A2-6C22619E1F2C}.Release|x86.ActiveCfg = Release|Any CPU
		{D90250E7-149D-422C-A116-B1D7AC75CEA3}.Debug|Any CPU.ActiveCfg = Debug|Any CPU
		{D90250E7-149D-422C-A116-B1D7AC75CEA3}.Debug|Any CPU.Build.0 = Debug|Any CPU
		{D90250E7-149D-422C-A116-B1D7AC75CEA3}.Debug|Mixed Platforms.ActiveCfg = Debug|Any CPU
		{D90250E7-149D-422C-A116-B1D7AC75CEA3}.Debug|Mixed Platforms.Build.0 = Debug|Any CPU
		{D90250E7-149D-422C-A116-B1D7AC75CEA3}.Debug|Win32.ActiveCfg = Debug|Any CPU
		{D90250E7-149D-422C-A116-B1D7AC75CEA3}.Debug|x86.ActiveCfg = Debug|Any CPU
		{D90250E7-149D-422C-A116-B1D7AC75CEA3}.Release|Any CPU.ActiveCfg = Release|Any CPU
		{D90250E7-149D-422C-A116-B1D7AC75CEA3}.Release|Any CPU.Build.0 = Release|Any CPU
		{D90250E7-149D-422C-A116-B1D7AC75CEA3}.Release|Mixed Platforms.ActiveCfg = Release|Any CPU
		{D90250E7-149D-422C-A116-B1D7AC75CEA3}.Release|Mixed Platforms.Build.0 = Release|Any CPU
		{D90250E7-149D-422C-A116-B1D7AC75CEA3}.Release|Win32.ActiveCfg = Release|Any CPU
		{D90250E7-149D-422C-A116-B1D7AC75CEA3}.Release|x86.ActiveCfg = Release|Any CPU
		{AD9F3A60-C492-4823-8F24-6F4854E7CBF5}.Debug|Any CPU.ActiveCfg = Debug|Any CPU
		{AD9F3A60-C492-4823-8F24-6F4854E7CBF5}.Debug|Any CPU.Build.0 = Debug|Any CPU
		{AD9F3A60-C492-4823-8F24-6F4854E7CBF5}.Debug|Mixed Platforms.ActiveCfg = Debug|Any CPU
		{AD9F3A60-C492-4823-8F24-6F4854E7CBF5}.Debug|Mixed Platforms.Build.0 = Debug|Any CPU
		{AD9F3A60-C492-4823-8F24-6F4854E7CBF5}.Debug|Win32.ActiveCfg = Debug|Any CPU
		{AD9F3A60-C492-4823-8F24-6F4854E7CBF5}.Debug|x86.ActiveCfg = Debug|Any CPU
		{AD9F3A60-C492-4823-8F24-6F4854E7CBF5}.Release|Any CPU.ActiveCfg = Release|Any CPU
		{AD9F3A60-C492-4823-8F24-6F4854E7CBF5}.Release|Any CPU.Build.0 = Release|Any CPU
		{AD9F3A60-C492-4823-8F24-6F4854E7CBF5}.Release|Mixed Platforms.ActiveCfg = Release|Any CPU
		{AD9F3A60-C492-4823-8F24-6F4854E7CBF5}.Release|Mixed Platforms.Build.0 = Release|Any CPU
		{AD9F3A60-C492-4823-8F24-6F4854E7CBF5}.Release|Win32.ActiveCfg = Release|Any CPU
		{AD9F3A60-C492-4823-8F24-6F4854E7CBF5}.Release|x86.ActiveCfg = Release|Any CPU
		{04EC38E5-E4C0-48A6-AF48-59D99CF099BF}.Debug|Any CPU.ActiveCfg = Debug|Win32
		{04EC38E5-E4C0-48A6-AF48-59D99CF099BF}.Debug|Mixed Platforms.ActiveCfg = Debug|Win32
		{04EC38E5-E4C0-48A6-AF48-59D99CF099BF}.Debug|Mixed Platforms.Build.0 = Debug|Win32
		{04EC38E5-E4C0-48A6-AF48-59D99CF099BF}.Debug|Win32.ActiveCfg = Debug|Win32
		{04EC38E5-E4C0-48A6-AF48-59D99CF099BF}.Debug|Win32.Build.0 = Debug|Win32
		{04EC38E5-E4C0-48A6-AF48-59D99CF099BF}.Debug|x86.ActiveCfg = Debug|Win32
		{04EC38E5-E4C0-48A6-AF48-59D99CF099BF}.Release|Any CPU.ActiveCfg = Release|Win32
		{04EC38E5-E4C0-48A6-AF48-59D99CF099BF}.Release|Mixed Platforms.ActiveCfg = Release|Win32
		{04EC38E5-E4C0-48A6-AF48-59D99CF099BF}.Release|Mixed Platforms.Build.0 = Release|Win32
		{04EC38E5-E4C0-48A6-AF48-59D99CF099BF}.Release|Win32.ActiveCfg = Release|Win32
		{04EC38E5-E4C0-48A6-AF48-59D99CF099BF}.Release|Win32.Build.0 = Release|Win32
		{04EC38E5-E4C0-48A6-AF48-59D99CF099BF}.Release|x86.ActiveCfg = Release|Win32
		{8E7BC544-7B6F-4431-8575-014C912CFF61}.Debug|Any CPU.ActiveCfg = Debug|Win32
		{8E7BC544-7B6F-4431-8575-014C912CFF61}.Debug|Mixed Platforms.ActiveCfg = Debug|Win32
		{8E7BC544-7B6F-4431-8575-014C912CFF61}.Debug|Mixed Platforms.Build.0 = Debug|Win32
		{8E7BC544-7B6F-4431-8575-014C912CFF61}.Debug|Win32.ActiveCfg = Debug|Win32
		{8E7BC544-7B6F-4431-8575-014C912CFF61}.Debug|Win32.Build.0 = Debug|Win32
		{8E7BC544-7B6F-4431-8575-014C912CFF61}.Debug|x86.ActiveCfg = Debug|Win32
		{8E7BC544-7B6F-4431-8575-014C912CFF61}.Release|Any CPU.ActiveCfg = Release|Win32
		{8E7BC544-7B6F-4431-8575-014C912CFF61}.Release|Mixed Platforms.ActiveCfg = Release|Win32
		{8E7BC544-7B6F-4431-8575-014C912CFF61}.Release|Mixed Platforms.Build.0 = Release|Win32
		{8E7BC544-7B6F-4431-8575-014C912CFF61}.Release|Win32.ActiveCfg = Release|Win32
		{8E7BC544-7B6F-4431-8575-014C912CFF61}.Release|Win32.Build.0 = Release|Win32
		{8E7BC544-7B6F-4431-8575-014C912CFF61}.Release|x86.ActiveCfg = Release|Win32
		{69451C6E-93F8-4CCC-93E0-F550D799DFFD}.Debug|Any CPU.ActiveCfg = Debug|Win32
		{69451C6E-93F8-4CCC-93E0-F550D799DFFD}.Debug|Mixed Platforms.ActiveCfg = Debug|Win32
		{69451C6E-93F8-4CCC-93E0-F550D799DFFD}.Debug|Mixed Platforms.Build.0 = Debug|Win32
		{69451C6E-93F8-4CCC-93E0-F550D799DFFD}.Debug|Win32.ActiveCfg = Debug|Win32
		{69451C6E-93F8-4CCC-93E0-F550D799DFFD}.Debug|Win32.Build.0 = Debug|Win32
		{69451C6E-93F8-4CCC-93E0-F550D799DFFD}.Debug|x86.ActiveCfg = Debug|Win32
		{69451C6E-93F8-4CCC-93E0-F550D799DFFD}.Release|Any CPU.ActiveCfg = Release|Win32
		{69451C6E-93F8-4CCC-93E0-F550D799DFFD}.Release|Mixed Platforms.ActiveCfg = Release|Win32
		{69451C6E-93F8-4CCC-93E0-F550D799DFFD}.Release|Mixed Platforms.Build.0 = Release|Win32
		{69451C6E-93F8-4CCC-93E0-F550D799DFFD}.Release|Win32.ActiveCfg = Release|Win32
		{69451C6E-93F8-4CCC-93E0-F550D799DFFD}.Release|Win32.Build.0 = Release|Win32
		{69451C6E-93F8-4CCC-93E0-F550D799DFFD}.Release|x86.ActiveCfg = Release|Win32
	EndGlobalSection
	GlobalSection(SolutionProperties) = preSolution
		HideSolutionNode = FALSE
	EndGlobalSection
	GlobalSection(NestedProjects) = preSolution
		{04EC38E5-E4C0-48A6-AF48-59D99CF099BF} = {6A80B200-1A1D-4C7C-BC87-AFF6CC6F8633}
		{8E7BC544-7B6F-4431-8575-014C912CFF61} = {6A80B200-1A1D-4C7C-BC87-AFF6CC6F8633}
		{69451C6E-93F8-4CCC-93E0-F550D799DFFD} = {6A80B200-1A1D-4C7C-BC87-AFF6CC6F8633}
	EndGlobalSection
EndGlobal
